
Microsoft Visual Studio Solution File, Format Version 12.00
# Visual Studio Version 17
VisualStudioVersion = 17.5.002.0
MinimumVisualStudioVersion = 10.0.40219.1
Project("{9A19103F-16F7-4668-BE54-9A1E7A4F7556}") = "lista-linkada", "lista-linkada.csproj", "{B52BF630-A817-477E-AC4C-70FDDAC26291}"
EndProject
Global
	GlobalSection(SolutionConfigurationPlatforms) = preSolution
		Debug|Any CPU = Debug|Any CPU
		Release|Any CPU = Release|Any CPU
	EndGlobalSection
	GlobalSection(ProjectConfigurationPlatforms) = postSolution
		{B52BF630-A817-477E-AC4C-70FDDAC26291}.Debug|Any CPU.ActiveCfg = Debug|Any CPU
		{B52BF630-A817-477E-AC4C-70FDDAC26291}.Debug|Any CPU.Build.0 = Debug|Any CPU
		{B52BF630-A817-477E-AC4C-70FDDAC26291}.Release|Any CPU.ActiveCfg = Release|Any CPU
		{B52BF630-A817-477E-AC4C-70FDDAC26291}.Release|Any CPU.Build.0 = Release|Any CPU
	EndGlobalSection
	GlobalSection(SolutionProperties) = preSolution
		HideSolutionNode = FALSE
	EndGlobalSection
	GlobalSection(ExtensibilityGlobals) = postSolution
		SolutionGuid = {5EAA5CF4-DA09-46BC-939D-04B7C4D38ED3}
	EndGlobalSection
EndGlobal
